PODS:
  - Firebase/Auth (5.17.0):
    - Firebase/CoreOnly
    - FirebaseAuth (= 5.3.1)
  - Firebase/Core (5.17.0):
    - Firebase/CoreOnly
    - FirebaseAnalytics (= 5.6.0)
  - Firebase/CoreOnly (5.17.0):
    - FirebaseCore (= 5.3.0)
  - Firebase/Database (5.17.0):
    - Firebase/CoreOnly
    - FirebaseDatabase (= 5.1.0)
  - Firebase/Storage (5.17.0):
    - Firebase/CoreOnly
    - FirebaseStorage (= 3.1.0)
  - FirebaseAnalytics (5.6.0):
    - FirebaseCore (~> 5.3)
    - FirebaseInstanceID (~> 3.5)
    - GoogleAppMeasurement (= 5.6.0)
    - GoogleUtilities/AppDelegateSwizzler (~> 5.2)
    - GoogleUtilities/MethodSwizzler (~> 5.2)
    - GoogleUtilities/Network (~> 5.2)
    - "GoogleUtilities/NSData+zlib (~> 5.2)"
    - nanopb (~> 0.3)
  - FirebaseAuth (5.3.1):
    - FirebaseAuthInterop (~> 1.0)
    - FirebaseCore (~> 5.2)
    - GoogleUtilities/Environment (~> 5.2)
    - GTMSessionFetcher/Core (~> 1.1)
  - FirebaseAuthInterop (1.0.0)
  - FirebaseCore (5.3.0):
    - GoogleUtilities/Logger (~> 5.2)
  - FirebaseDatabase (5.1.0):
    - FirebaseAuthInterop (~> 1.0)
    - FirebaseCore (~> 5.2)
    - leveldb-library (~> 1.18)
  - FirebaseInstanceID (3.5.0):
    - FirebaseCore (~> 5.3)
    - GoogleUtilities/Environment (~> 5.3)
    - GoogleUtilities/UserDefaults (~> 5.3)
  - FirebaseStorage (3.1.0):
    - FirebaseAuthInterop (~> 1.0)
    - FirebaseCore (~> 5.2)
    - GTMSessionFetcher/Core (~> 1.1)
  - GeoFire (3.0.0):
    - Firebase/Database (~> 5.0)
  - GoogleAppMeasurement (5.6.0):
    - GoogleUtilities/AppDelegateSwizzler (~> 5.2)
    - GoogleUtilities/MethodSwizzler (~> 5.2)
    - GoogleUtilities/Network (~> 5.2)
    - "GoogleUtilities/NSData+zlib (~> 5.2)"
    - nanopb (~> 0.3)
  - GoogleSignIn (4.4.0):
    - "GoogleToolboxForMac/NSDictionary+URLArguments (~> 2.1)"
    - "GoogleToolboxForMac/NSString+URLArguments (~> 2.1)"
    - GTMSessionFetcher/Core (~> 1.1)
  - GoogleToolboxForMac/DebugUtils (2.2.0):
    - GoogleToolboxForMac/Defines (= 2.2.0)
  - GoogleToolboxForMac/Defines (2.2.0)
  - "GoogleToolboxForMac/NSDictionary+URLArguments (2.2.0)":
    - GoogleToolboxForMac/DebugUtils (= 2.2.0)
    - GoogleToolboxForMac/Defines (= 2.2.0)
    - "GoogleToolboxForMac/NSString+URLArguments (= 2.2.0)"
  - "GoogleToolboxForMac/NSString+URLArguments (2.2.0)"
  - GoogleUtilities/AppDelegateSwizzler (5.3.7):
    - GoogleUtilities/Environment
    - GoogleUtilities/Logger
    - GoogleUtilities/Network
  - GoogleUtilities/Environment (5.3.7)
  - GoogleUtilities/Logger (5.3.7):
    - GoogleUtilities/Environment
  - GoogleUtilities/MethodSwizzler (5.3.7):
    - GoogleUtilities/Logger
  - GoogleUtilities/Network (5.3.7):
    - GoogleUtilities/Logger
    - "GoogleUtilities/NSData+zlib"
    - GoogleUtilities/Reachability
  - "GoogleUtilities/NSData+zlib (5.3.7)"
  - GoogleUtilities/Reachability (5.3.7):
    - GoogleUtilities/Logger
  - GoogleUtilities/UserDefaults (5.3.7):
    - GoogleUtilities/Logger
  - GTMSessionFetcher/Core (1.2.1)
  - JTAppleCalendar (7.1.7)
  - Koloda (4.6):
    - pop (~> 1.0)
  - leveldb-library (1.20)
  - nanopb (0.3.901):
    - nanopb/decode (= 0.3.901)
    - nanopb/encode (= 0.3.901)
  - nanopb/decode (0.3.901)
  - nanopb/encode (0.3.901)
  - pop (1.0.12)
  - SwiftOverlays (5.0.1)

DEPENDENCIES:
  - Firebase/Auth
  - Firebase/Core
  - Firebase/Database
  - Firebase/Storage
  - GeoFire (from `https://github.com/firebase/geofire-objc.git`)
  - GoogleSignIn
  - JTAppleCalendar (~> 7.0)
  - Koloda
  - SwiftOverlays (~> 5.0.1)

SPEC REPOS:
  https://github.com/cocoapods/specs.git:
    - Firebase
    - FirebaseAnalytics
    - FirebaseAuth
    - FirebaseAuthInterop
    - FirebaseCore
    - FirebaseDatabase
    - FirebaseInstanceID
    - FirebaseStorage
    - GoogleAppMeasurement
    - GoogleSignIn
    - GoogleToolboxForMac
    - GoogleUtilities
    - GTMSessionFetcher
    - JTAppleCalendar
    - Koloda
    - leveldb-library
    - nanopb
    - pop
    - SwiftOverlays

EXTERNAL SOURCES:
  GeoFire:
    :git: https://github.com/firebase/geofire-objc.git

CHECKOUT OPTIONS:
  GeoFire:
    :commit: 95a0bf39b1bcc87685dc7aba3caf4e23d9600c30
    :git: https://github.com/firebase/geofire-objc.git

SPEC CHECKSUMS:
  Firebase: 59d557e064217fab6a03ff00baa73c06e73832e6
  FirebaseAnalytics: 75e4bbc6417d190cc98ec1f17c41a4fad4c2c976
  FirebaseAuth: 0f61e1329237da5682c49c9abd135e8f9d07a151
  FirebaseAuthInterop: 0ffa57668be100582bb7643d4fcb7615496c41fc
  FirebaseCore: c0c4befb82374d6aef64d800e569f47625352edc
  FirebaseDatabase: 23acb0c53cd4d4070a427b60100b2e4aaa97c45d
  FirebaseInstanceID: 4522aad88f69297622062c0e9ffccdee3dd9b151
  FirebaseStorage: 29075f874c2b3cf61e5221a62c4ceefc809e5412
  GeoFire: e3ae6f4be3f2466c3467ef6c1c203db3af935c59
  GoogleAppMeasurement: 008e04ecd8efedd97a693aea8634aefe220bd26e
  GoogleSignIn: 7ff245e1a7b26d379099d3243a562f5747e23d39
  GoogleToolboxForMac: ff31605b7d66400dcec09bed5861689aebadda4d
  GoogleUtilities: 111a012f4c3a29c9e7c954c082fafd6ee3c999c0
  GTMSessionFetcher: 32aeca0aa144acea523e1c8e053089dec2cb98ca
  JTAppleCalendar: 96da4d8388fa6dc82d6a60d41ef36a015e167e2f
  Koloda: bcf5acded25fc49020d1447ed8ddd87e14d01e7e
  leveldb-library: 08cba283675b7ed2d99629a4bc5fd052cd2bb6a5
  nanopb: 2901f78ea1b7b4015c860c2fdd1ea2fee1a18d48
  pop: d582054913807fd11fd50bfe6a539d91c7e1a55a
  SwiftOverlays: ab459ea9194b0e96aaccaa00e9ead1bf6d46eef1

PODFILE CHECKSUM: 93942935c896e50ac216d48e5835b6ae59a2f75e

COCOAPODS: 1.6.1
